
Microsoft Visual Studio Solution File, Format Version 12.00
# Visual Studio Version 17
VisualStudioVersion = 17.3.32825.248
MinimumVisualStudioVersion = 10.0.40219.1
Project("{9A19103F-16F7-4668-BE54-9A1E7A4F7556}") = "ConsoleApp2", "ConsoleApp2\ConsoleApp2.csproj", "{FF405C5A-B15B-4EA9-A12B-D76B66812639}"
EndProject
Project("{9A19103F-16F7-4668-BE54-9A1E7A4F7556}") = "pz6", "pz6\pz6.csproj", "{3046FC4C-91AA-4935-9F81-5672CF80DA13}"
EndProject
Project("{9A19103F-16F7-4668-BE54-9A1E7A4F7556}") = "PZ7", "PZ7\PZ7.csproj", "{D31A925F-1D90-429E-9443-36729C6B62CD}"
EndProject
Project("{9A19103F-16F7-4668-BE54-9A1E7A4F7556}") = "21", "ConsoleApp1\21.csproj", "{775EFEED-ECC3-46E3-A782-20E365FDE232}"
EndProject
Project("{9A19103F-16F7-4668-BE54-9A1E7A4F7556}") = "22pz", "..\22pz\22pz.csproj", "{BD52D89A-D241-43F1-9CE8-7A5D74A2167B}"
EndProject
Global
	GlobalSection(SolutionConfigurationPlatforms) = preSolution
		Debug|Any CPU = Debug|Any CPU
		Release|Any CPU = Release|Any CPU
	EndGlobalSection
	GlobalSection(ProjectConfigurationPlatforms) = postSolution
		{FF405C5A-B15B-4EA9-A12B-D76B66812639}.Debug|Any CPU.ActiveCfg = Debug|Any CPU
		{FF405C5A-B15B-4EA9-A12B-D76B66812639}.Debug|Any CPU.Build.0 = Debug|Any CPU
		{FF405C5A-B15B-4EA9-A12B-D76B66812639}.Release|Any CPU.ActiveCfg = Release|Any CPU
		{FF405C5A-B15B-4EA9-A12B-D76B66812639}.Release|Any CPU.Build.0 = Release|Any CPU
		{3046FC4C-91AA-4935-9F81-5672CF80DA13}.Debug|Any CPU.ActiveCfg = Debug|Any CPU
		{3046FC4C-91AA-4935-9F81-5672CF80DA13}.Debug|Any CPU.Build.0 = Debug|Any CPU
		{3046FC4C-91AA-4935-9F81-5672CF80DA13}.Release|Any CPU.ActiveCfg = Release|Any CPU
		{3046FC4C-91AA-4935-9F81-5672CF80DA13}.Release|Any CPU.Build.0 = Release|Any CPU
		{D31A925F-1D90-429E-9443-36729C6B62CD}.Debug|Any CPU.ActiveCfg = Debug|Any CPU
		{D31A925F-1D90-429E-9443-36729C6B62CD}.Debug|Any CPU.Build.0 = Debug|Any CPU
		{D31A925F-1D90-429E-9443-36729C6B62CD}.Release|Any CPU.ActiveCfg = Release|Any CPU
		{D31A925F-1D90-429E-9443-36729C6B62CD}.Release|Any CPU.Build.0 = Release|Any CPU
		{775EFEED-ECC3-46E3-A782-20E365FDE232}.Debug|Any CPU.ActiveCfg = Debug|Any CPU
		{775EFEED-ECC3-46E3-A782-20E365FDE232}.Debug|Any CPU.Build.0 = Debug|Any CPU
		{775EFEED-ECC3-46E3-A782-20E365FDE232}.Release|Any CPU.ActiveCfg = Release|Any CPU
		{775EFEED-ECC3-46E3-A782-20E365FDE232}.Release|Any CPU.Build.0 = Release|Any CPU
		{BD52D89A-D241-43F1-9CE8-7A5D74A2167B}.Debug|Any CPU.ActiveCfg = Debug|Any CPU
		{BD52D89A-D241-43F1-9CE8-7A5D74A2167B}.Debug|Any CPU.Build.0 = Debug|Any CPU
		{BD52D89A-D241-43F1-9CE8-7A5D74A2167B}.Release|Any CPU.ActiveCfg = Release|Any CPU
		{BD52D89A-D241-43F1-9CE8-7A5D74A2167B}.Release|Any CPU.Build.0 = Release|Any CPU
	EndGlobalSection
	GlobalSection(SolutionProperties) = preSolution
		HideSolutionNode = FALSE
	EndGlobalSection
	GlobalSection(ExtensibilityGlobals) = postSolution
		SolutionGuid = {15A40958-F4C5-4784-A19E-60AF47CC0398}
	EndGlobalSection
EndGlobal
