
Microsoft Visual Studio Solution File, Format Version 12.00
# Visual Studio Version 17
VisualStudioVersion = 17.3.32825.248
MinimumVisualStudioVersion = 10.0.40219.1
Project("{9A19103F-16F7-4668-BE54-9A1E7A4F7556}") = "ConsoleApp2", "ConsoleApp2\ConsoleApp2.csproj", "{FF405C5A-B15B-4EA9-A12B-D76B66812639}"
EndProject
Project("{9A19103F-16F7-4668-BE54-9A1E7A4F7556}") = "pz6", "pz6\pz6.csproj", "{3046FC4C-91AA-4935-9F81-5672CF80DA13}"
EndProject
Project("{9A19103F-16F7-4668-BE54-9A1E7A4F7556}") = "PZ7", "PZ7\PZ7.csproj", "{D31A925F-1D90-429E-9443-36729C6B62CD}"
EndProject
Project("{9A19103F-16F7-4668-BE54-9A1E7A4F7556}") = "21", "ConsoleApp1\21.csproj", "{775EFEED-ECC3-46E3-A782-20E365FDE232}"
EndProject
Project("{9A19103F-16F7-4668-BE54-9A1E7A4F7556}") = "22pz", "22pz\22pz.csproj", "{DB03FE6A-6654-4E29-AE82-D79E4AB36831}"
EndProject
Project("{FAE04EC0-301F-11D3-BF4B-00C04F79EFBC}") = "pz28", "pz28\pz28.csproj", "{1926D83C-D714-4032-A673-5083E323B3C2}"
EndProject
Project("{FAE04EC0-301F-11D3-BF4B-00C04F79EFBC}") = "pz28_2", "pz28_2\pz28_2.csproj", "{C7C4846C-1B3A-4AEA-9190-FF16749FD3D5}"
EndProject
Project("{FAE04EC0-301F-11D3-BF4B-00C04F79EFBC}") = "pz27", "pz27\pz27.csproj", "{AE590159-A491-48E3-9242-4092F7F5F466}"
EndProject
Project("{FAE04EC0-301F-11D3-BF4B-00C04F79EFBC}") = "pz25", "pz25\pz25.csproj", "{1D63C1BC-7E3D-45F5-AE9D-217B13EA71FF}"
EndProject
Global
	GlobalSection(SolutionConfigurationPlatforms) = preSolution
		Debug|Any CPU = Debug|Any CPU
		Release|Any CPU = Release|Any CPU
	EndGlobalSection
	GlobalSection(ProjectConfigurationPlatforms) = postSolution
		{FF405C5A-B15B-4EA9-A12B-D76B66812639}.Debug|Any CPU.ActiveCfg = Debug|Any CPU
		{FF405C5A-B15B-4EA9-A12B-D76B66812639}.Debug|Any CPU.Build.0 = Debug|Any CPU
		{FF405C5A-B15B-4EA9-A12B-D76B66812639}.Release|Any CPU.ActiveCfg = Release|Any CPU
		{FF405C5A-B15B-4EA9-A12B-D76B66812639}.Release|Any CPU.Build.0 = Release|Any CPU
		{3046FC4C-91AA-4935-9F81-5672CF80DA13}.Debug|Any CPU.ActiveCfg = Debug|Any CPU
		{3046FC4C-91AA-4935-9F81-5672CF80DA13}.Debug|Any CPU.Build.0 = Debug|Any CPU
		{3046FC4C-91AA-4935-9F81-5672CF80DA13}.Release|Any CPU.ActiveCfg = Release|Any CPU
		{3046FC4C-91AA-4935-9F81-5672CF80DA13}.Release|Any CPU.Build.0 = Release|Any CPU
		{D31A925F-1D90-429E-9443-36729C6B62CD}.Debug|Any CPU.ActiveCfg = Debug|Any CPU
		{D31A925F-1D90-429E-9443-36729C6B62CD}.Debug|Any CPU.Build.0 = Debug|Any CPU
		{D31A925F-1D90-429E-9443-36729C6B62CD}.Release|Any CPU.ActiveCfg = Release|Any CPU
		{D31A925F-1D90-429E-9443-36729C6B62CD}.Release|Any CPU.Build.0 = Release|Any CPU
		{775EFEED-ECC3-46E3-A782-20E365FDE232}.Debug|Any CPU.ActiveCfg = Debug|Any CPU
		{775EFEED-ECC3-46E3-A782-20E365FDE232}.Debug|Any CPU.Build.0 = Debug|Any CPU
		{775EFEED-ECC3-46E3-A782-20E365FDE232}.Release|Any CPU.ActiveCfg = Release|Any CPU
		{775EFEED-ECC3-46E3-A782-20E365FDE232}.Release|Any CPU.Build.0 = Release|Any CPU
		{DB03FE6A-6654-4E29-AE82-D79E4AB36831}.Debug|Any CPU.ActiveCfg = Debug|Any CPU
		{DB03FE6A-6654-4E29-AE82-D79E4AB36831}.Debug|Any CPU.Build.0 = Debug|Any CPU
		{DB03FE6A-6654-4E29-AE82-D79E4AB36831}.Release|Any CPU.ActiveCfg = Release|Any CPU
		{DB03FE6A-6654-4E29-AE82-D79E4AB36831}.Release|Any CPU.Build.0 = Release|Any CPU
		{1926D83C-D714-4032-A673-5083E323B3C2}.Debug|Any CPU.ActiveCfg = Debug|Any CPU
		{1926D83C-D714-4032-A673-5083E323B3C2}.Debug|Any CPU.Build.0 = Debug|Any CPU
		{1926D83C-D714-4032-A673-5083E323B3C2}.Release|Any CPU.ActiveCfg = Release|Any CPU
		{1926D83C-D714-4032-A673-5083E323B3C2}.Release|Any CPU.Build.0 = Release|Any CPU
		{C7C4846C-1B3A-4AEA-9190-FF16749FD3D5}.Debug|Any CPU.ActiveCfg = Debug|Any CPU
		{C7C4846C-1B3A-4AEA-9190-FF16749FD3D5}.Debug|Any CPU.Build.0 = Debug|Any CPU
		{C7C4846C-1B3A-4AEA-9190-FF16749FD3D5}.Release|Any CPU.ActiveCfg = Release|Any CPU
		{C7C4846C-1B3A-4AEA-9190-FF16749FD3D5}.Release|Any CPU.Build.0 = Release|Any CPU
		{AE590159-A491-48E3-9242-4092F7F5F466}.Debug|Any CPU.ActiveCfg = Debug|Any CPU
		{AE590159-A491-48E3-9242-4092F7F5F466}.Debug|Any CPU.Build.0 = Debug|Any CPU
		{AE590159-A491-48E3-9242-4092F7F5F466}.Release|Any CPU.ActiveCfg = Release|Any CPU
		{AE590159-A491-48E3-9242-4092F7F5F466}.Release|Any CPU.Build.0 = Release|Any CPU
		{1D63C1BC-7E3D-45F5-AE9D-217B13EA71FF}.Debug|Any CPU.ActiveCfg = Debug|Any CPU
		{1D63C1BC-7E3D-45F5-AE9D-217B13EA71FF}.Debug|Any CPU.Build.0 = Debug|Any CPU
		{1D63C1BC-7E3D-45F5-AE9D-217B13EA71FF}.Release|Any CPU.ActiveCfg = Release|Any CPU
		{1D63C1BC-7E3D-45F5-AE9D-217B13EA71FF}.Release|Any CPU.Build.0 = Release|Any CPU
	EndGlobalSection
	GlobalSection(SolutionProperties) = preSolution
		HideSolutionNode = FALSE
	EndGlobalSection
	GlobalSection(ExtensibilityGlobals) = postSolution
		SolutionGuid = {15A40958-F4C5-4784-A19E-60AF47CC0398}
	EndGlobalSection
EndGlobal
